{
  "version": 4,
  "terraform_version": "1.13.5",
  "serial": 191,
  "lineage": "0c825254-fd6b-01af-3752-83ddd52df61e",
  "outputs": {},
  "resources": [
    {
      "module": "module.node_app",
      "mode": "managed",
      "type": "aws_ecs_cluster",
      "name": "cluster",
      "provider": "module.node_app.provider[\"registry.terraform.io/hashicorp/aws\"]",
      "instances": [
        {
          "schema_version": 0,
          "attributes": {
            "arn": "arn:aws:ecs:us-east-1:519848832066:cluster/node-cluster",
            "configuration": [],
            "id": "arn:aws:ecs:us-east-1:519848832066:cluster/node-cluster",
            "name": "node-cluster",
            "region": "us-east-1",
            "service_connect_defaults": [],
            "setting": [
              {
                "name": "containerInsights",
                "value": "disabled"
              }
            ],
            "tags": {},
            "tags_all": {}
          },
          "sensitive_attributes": [],
          "identity_schema_version": 0,
          "private": "bnVsbA=="
        }
      ]
    }
  ],
  "check_results": null
}
